
Microsoft Visual Studio Solution File, Format Version 12.00
# Visual Studio Version 17
VisualStudioVersion = 17.9.34616.47
MinimumVisualStudioVersion = 10.0.40219.1
Project("{8BC9CEB8-8B4A-11D0-8D11-00A0C91BC942}") = "ass10", "ass10.vcxproj", "{A704E724-D314-464B-AC34-E5064AA39A67}"
EndProject
Global
	GlobalSection(SolutionConfigurationPlatforms) = preSolution
		Debug|x64 = Debug|x64
		Release|x64 = Release|x64
	EndGlobalSection
	GlobalSection(ProjectConfigurationPlatforms) = postSolution
		{A704E724-D314-464B-AC34-E5064AA39A67}.Debug|x64.ActiveCfg = Debug|x64
		{A704E724-D314-464B-AC34-E5064AA39A67}.Debug|x64.Build.0 = Debug|x64
		{A704E724-D314-464B-AC34-E5064AA39A67}.Release|x64.ActiveCfg = Release|x64
		{A704E724-D314-464B-AC34-E5064AA39A67}.Release|x64.Build.0 = Release|x64
	EndGlobalSection
	GlobalSection(SolutionProperties) = preSolution
		HideSolutionNode = FALSE
	EndGlobalSection
	GlobalSection(ExtensibilityGlobals) = postSolution
		SolutionGuid = {F9B488B1-778F-4724-B54A-69A9579246B9}
	EndGlobalSection
EndGlobal
